Microsoft Visual Studio Solution File, Format Version 12.00
# Visual Studio Version 17
VisualStudioVersion = 17.5.2.0
MinimumVisualStudioVersion = 10.0.40219.1
Project("{FAE04EC0-301F-11D3-BF4B-00C04F79EFBC}") = "GradeCalcultor", "GradeCalcultor\GradeCalcultor.csproj", "{260B82FC-A729-3857-53BA-1B127B340456}"
EndProject
Global
	GlobalSection(SolutionConfigurationPlatforms) = preSolution
		Debug|Any CPU = Debug|Any CPU
		Release|Any CPU = Release|Any CPU
	EndGlobalSection
	GlobalSection(ProjectConfigurationPlatforms) = postSolution
		{260B82FC-A729-3857-53BA-1B127B340456}.Debug|Any CPU.ActiveCfg = Debug|Any CPU
		{260B82FC-A729-3857-53BA-1B127B340456}.Debug|Any CPU.Build.0 = Debug|Any CPU
		{260B82FC-A729-3857-53BA-1B127B340456}.Release|Any CPU.ActiveCfg = Release|Any CPU
		{260B82FC-A729-3857-53BA-1B127B340456}.Release|Any CPU.Build.0 = Release|Any CPU
	EndGlobalSection
	GlobalSection(SolutionProperties) = preSolution
		HideSolutionNode = FALSE
	EndGlobalSection
	GlobalSection(ExtensibilityGlobals) = postSolution
		SolutionGuid = {65C0C979-3939-4386-A94A-B5F384F9A66C}
	EndGlobalSection
EndGlobal
